// !$*UTF8*$!
{
	archiveVersion = 1;
	classes = {
	};
	objectVersion = 46;
	objects = {

/* Begin PBXBuildFile section */
		E0CB25C41C846A5E00EBCC21 /* main.m in Sources */ = {isa = PBXBuildFile; fileRef = E0CB25C31C846A5E00EBCC21 /* main.m */; };
		E0CB25C71C846A5E00EBCC21 /* AppDelegate.m in Sources */ = {isa = PBXBuildFile; fileRef = E0CB25C61C846A5E00EBCC21 /* AppDelegate.m */; };
		E0CB25CA1C846A5E00EBCC21 /* ViewController.m in Sources */ = {isa = PBXBuildFile; fileRef = E0CB25C91C846A5E00EBCC21 /* ViewController.m */; };
		E0CB25CD1C846A5E00EBCC21 /* Main.storyboard in Resources */ = {isa = PBXBuildFile; fileRef = E0CB25CB1C846A5E00EBCC21 /* Main.storyboard */; };
		E0CB25CF1C846A5E00EBCC21 /* Assets.xcassets in Resources */ = {isa = PBXBuildFile; fileRef = E0CB25CE1C846A5E00EBCC21 /* Assets.xcassets */; };
		E0CB25D21C846A5E00EBCC21 /* LaunchScreen.storyboard in Resources */ = {isa = PBXBuildFile; fileRef = E0CB25D01C846A5E00EBCC21 /* LaunchScreen.storyboard */; };
		E0CB25DA1C847CA700EBCC21 /* pasta.jpg in Resources */ = {isa = PBXBuildFile; fileRef = E0CB25D91C847CA700EBCC21 /* pasta.jpg */; };
		E0CB25DF1C847EF900EBCC21 /* MenuTableViewCell.m in Sources */ = {isa = PBXBuildFile; fileRef = E0CB25DE1C847EF900EBCC21 /* MenuTableViewCell.m */; };
		E0CB25E11C8565A200EBCC21 /* MenuTableViewCell.xib in Resources */ = {isa = PBXBuildFile; fileRef = E0CB25E01C8565A200EBCC21 /* MenuTableViewCell.xib */; };
		E0CB25F21C857A1D00EBCC21 /* angry_birds_cake.jpg in Resources */ = {isa = PBXBuildFile; fileRef = E0CB25E21C857A1D00EBCC21 /* angry_birds_cake.jpg */; };
		E0CB25F31C857A1D00EBCC21 /* creme_brelee.jpg in Resources */ = {isa = PBXBuildFile; fileRef = E0CB25E31C857A1D00EBCC21 /* creme_brelee.jpg */; };
		E0CB25F41C857A1D00EBCC21 /* egg_benedict.jpg in Resources */ = {isa = PBXBuildFile; fileRef = E0CB25E41C857A1D00EBCC21 /* egg_benedict.jpg */; };
		E0CB25F51C857A1D00EBCC21 /* full_breakfast.jpg in Resources */ = {isa = PBXBuildFile; fileRef = E0CB25E51C857A1D00EBCC21 /* full_breakfast.jpg */; };
		E0CB25F61C857A1D00EBCC21 /* green_tea.jpg in Resources */ = {isa = PBXBuildFile; fileRef = E0CB25E61C857A1D00EBCC21 /* green_tea.jpg */; };
		E0CB25F71C857A1D00EBCC21 /* ham_and_cheese_panini.jpg in Resources */ = {isa = PBXBuildFile; fileRef = E0CB25E71C857A1D00EBCC21 /* ham_and_cheese_panini.jpg */; };
		E0CB25F81C857A1D00EBCC21 /* ham_and_egg_sandwich.jpg in Resources */ = {isa = PBXBuildFile; fileRef = E0CB25E81C857A1D00EBCC21 /* ham_and_egg_sandwich.jpg */; };
		E0CB25F91C857A1D00EBCC21 /* hamburger.jpg in Resources */ = {isa = PBXBuildFile; fileRef = E0CB25E91C857A1D00EBCC21 /* hamburger.jpg */; };
		E0CB25FA1C857A1D00EBCC21 /* instant_noodle_with_egg.jpg in Resources */ = {isa = PBXBuildFile; fileRef = E0CB25EA1C857A1D00EBCC21 /* instant_noodle_with_egg.jpg */; };
		E0CB25FB1C857A1D00EBCC21 /* japanese_noodle_with_pork.jpg in Resources */ = {isa = PBXBuildFile; fileRef = E0CB25EB1C857A1D00EBCC21 /* japanese_noodle_with_pork.jpg */; };
		E0CB25FC1C857A1D00EBCC21 /* mushroom_risotto.jpg in Resources */ = {isa = PBXBuildFile; fileRef = E0CB25EC1C857A1D00EBCC21 /* mushroom_risotto.jpg */; };
		E0CB25FD1C857A1D00EBCC21 /* noodle_with_bbq_pork.jpg in Resources */ = {isa = PBXBuildFile; fileRef = E0CB25ED1C857A1D00EBCC21 /* noodle_with_bbq_pork.jpg */; };
		E0CB25FE1C857A1D00EBCC21 /* starbucks_coffee.jpg in Resources */ = {isa = PBXBuildFile; fileRef = E0CB25EE1C857A1D00EBCC21 /* starbucks_coffee.jpg */; };
		E0CB25FF1C857A1D00EBCC21 /* thai_shrimp_cake.jpg in Resources */ = {isa = PBXBuildFile; fileRef = E0CB25EF1C857A1D00EBCC21 /* thai_shrimp_cake.jpg */; };
		E0CB26001C857A1D00EBCC21 /* vegetable_curry.jpg in Resources */ = {isa = PBXBuildFile; fileRef = E0CB25F01C857A1D00EBCC21 /* vegetable_curry.jpg */; };
		E0CB26011C857A1D00EBCC21 /* white_chocolate_donut.jpg in Resources */ = {isa = PBXBuildFile; fileRef = E0CB25F11C857A1D00EBCC21 /* white_chocolate_donut.jpg */; };
/* End PBXBuildFile section */

/* Begin PBXFileReference section */
		E0CB25BF1C846A5E00EBCC21 /* Test.app */ = {isa = PBXFileReference; explicitFileType = wrapper.application; includeInIndex = 0; path = Test.app; sourceTree = BUILT_PRODUCTS_DIR; };
		E0CB25C31C846A5E00EBCC21 /* main.m */ = {isa = PBXFileReference; lastKnownFileType = sourcecode.c.objc; path = main.m; sourceTree = "<group>"; };
		E0CB25C51C846A5E00EBCC21 /* AppDelegate.h */ = {isa = PBXFileReference; lastKnownFileType = sourcecode.c.h; path = AppDelegate.h; sourceTree = "<group>"; };
		E0CB25C61C846A5E00EBCC21 /* AppDelegate.m */ = {isa = PBXFileReference; lastKnownFileType = sourcecode.c.objc; path = AppDelegate.m; sourceTree = "<group>"; };
		E0CB25C81C846A5E00EBCC21 /* ViewController.h */ = {isa = PBXFileReference; lastKnownFileType = sourcecode.c.h; path = ViewController.h; sourceTree = "<group>"; };
		E0CB25C91C846A5E00EBCC21 /* ViewController.m */ = {isa = PBXFileReference; lastKnownFileType = sourcecode.c.objc; path = ViewController.m; sourceTree = "<group>"; };
		E0CB25CC1C846A5E00EBCC21 /* Base */ = {isa = PBXFileReference; lastKnownFileType = file.storyboard; name = Base; path = Base.lproj/Main.storyboard; sourceTree = "<group>"; };
		E0CB25CE1C846A5E00EBCC21 /* Assets.xcassets */ = {isa = PBXFileReference; lastKnownFileType = folder.assetcatalog; path = Assets.xcassets; sourceTree = "<group>"; };
		E0CB25D11C846A5E00EBCC21 /* Base */ = {isa = PBXFileReference; lastKnownFileType = file.storyboard; name = Base; path = Base.lproj/LaunchScreen.storyboard; sourceTree = "<group>"; };
		E0CB25D31C846A5E00EBCC21 /* Info.plist */ = {isa = PBXFileReference; lastKnownFileType = text.plist.xml; path = Info.plist; sourceTree = "<group>"; };
		E0CB25D91C847CA700EBCC21 /* pasta.jpg */ = {isa = PBXFileReference; lastKnownFileType = image.jpeg; path = pasta.jpg; sourceTree = "<group>"; };
		E0CB25DD1C847EF900EBCC21 /* MenuTableViewCell.h */ = {isa = PBXFileReference; fileEncoding = 4; lastKnownFileType = sourcecode.c.h; path = MenuTableViewCell.h; sourceTree = "<group>"; };
		E0CB25DE1C847EF900EBCC21 /* MenuTableViewCell.m */ = {isa = PBXFileReference; fileEncoding = 4; lastKnownFileType = sourcecode.c.objc; path = MenuTableViewCell.m; sourceTree = "<group>"; };
		E0CB25E01C8565A200EBCC21 /* MenuTableViewCell.xib */ = {isa = PBXFileReference; fileEncoding = 4; lastKnownFileType = file.xib; path = MenuTableViewCell.xib; sourceTree = "<group>"; };
		E0CB25E21C857A1D00EBCC21 /* angry_birds_cake.jpg */ = {isa = PBXFileReference; lastKnownFileType = image.jpeg; path = angry_birds_cake.jpg; sourceTree = "<group>"; };
		E0CB25E31C857A1D00EBCC21 /* creme_brelee.jpg */ = {isa = PBXFileReference; lastKnownFileType = image.jpeg; path = creme_brelee.jpg; sourceTree = "<group>"; };
		E0CB25E41C857A1D00EBCC21 /* egg_benedict.jpg */ = {isa = PBXFileReference; lastKnownFileType = image.jpeg; path = egg_benedict.jpg; sourceTree = "<group>"; };
		E0CB25E51C857A1D00EBCC21 /* full_breakfast.jpg */ = {isa = PBXFileReference; lastKnownFileType = image.jpeg; path = full_breakfast.jpg; sourceTree = "<group>"; };
		E0CB25E61C857A1D00EBCC21 /* green_tea.jpg */ = {isa = PBXFileReference; lastKnownFileType = image.jpeg; path = green_tea.jpg; sourceTree = "<group>"; };
		E0CB25E71C857A1D00EBCC21 /* ham_and_cheese_panini.jpg */ = {isa = PBXFileReference; lastKnownFileType = image.jpeg; path = ham_and_cheese_panini.jpg; sourceTree = "<group>"; };
		E0CB25E81C857A1D00EBCC21 /* ham_and_egg_sandwich.jpg */ = {isa = PBXFileReference; lastKnownFileType = image.jpeg; path = ham_and_egg_sandwich.jpg; sourceTree = "<group>"; };
		E0CB25E91C857A1D00EBCC21 /* hamburger.jpg */ = {isa = PBXFileReference; lastKnownFileType = image.jpeg; path = hamburger.jpg; sourceTree = "<group>"; };
		E0CB25EA1C857A1D00EBCC21 /* instant_noodle_with_egg.jpg */ = {isa = PBXFileReference; lastKnownFileType = image.jpeg; path = instant_noodle_with_egg.jpg; sourceTree = "<group>"; };
		E0CB25EB1C857A1D00EBCC21 /* japanese_noodle_with_pork.jpg */ = {isa = PBXFileReference; lastKnownFileType = image.jpeg; path = japanese_noodle_with_pork.jpg; sourceTree = "<group>"; };
		E0CB25EC1C857A1D00EBCC21 /* mushroom_risotto.jpg */ = {isa = PBXFileReference; lastKnownFileType = image.jpeg; path = mushroom_risotto.jpg; sourceTree = "<group>"; };
		E0CB25ED1C857A1D00EBCC21 /* noodle_with_bbq_pork.jpg */ = {isa = PBXFileReference; lastKnownFileType = image.jpeg; path = noodle_with_bbq_pork.jpg; sourceTree = "<group>"; };
		E0CB25EE1C857A1D00EBCC21 /* starbucks_coffee.jpg */ = {isa = PBXFileReference; lastKnownFileType = image.jpeg; path = starbucks_coffee.jpg; sourceTree = "<group>"; };
		E0CB25EF1C857A1D00EBCC21 /* thai_shrimp_cake.jpg */ = {isa = PBXFileReference; lastKnownFileType = image.jpeg; path = thai_shrimp_cake.jpg; sourceTree = "<group>"; };
		E0CB25F01C857A1D00EBCC21 /* vegetable_curry.jpg */ = {isa = PBXFileReference; lastKnownFileType = image.jpeg; path = vegetable_curry.jpg; sourceTree = "<group>"; };
		E0CB25F11C857A1D00EBCC21 /* white_chocolate_donut.jpg */ = {isa = PBXFileReference; lastKnownFileType = image.jpeg; path = white_chocolate_donut.jpg; sourceTree = "<group>"; };
/* End PBXFileReference section */

/* Begin PBXFrameworksBuildPhase section */
		E0CB25BC1C846A5E00EBCC21 /* Frameworks */ = {
			isa = PBXFrameworksBuildPhase;
			buildActionMask = 2147483647;
			files = (
			);
			runOnlyForDeploymentPostprocessing = 0;
		};
/* End PBXFrameworksBuildPhase section */

/* Begin PBXGroup section */
		E0CB25B61C846A5E00EBCC21 = {
			isa = PBXGroup;
			children = (
				E0CB25C11C846A5E00EBCC21 /* Test */,
				E0CB25C01C846A5E00EBCC21 /* Products */,
			);
			sourceTree = "<group>";
		};
		E0CB25C01C846A5E00EBCC21 /* Products */ = {
			isa = PBXGroup;
			children = (
				E0CB25BF1C846A5E00EBCC21 /* Test.app */,
			);
			name = Products;
			sourceTree = "<group>";
		};
		E0CB25C11C846A5E00EBCC21 /* Test */ = {
			isa = PBXGroup;
			children = (
				E0CB25D91C847CA700EBCC21 /* pasta.jpg */,
				E0CB25E21C857A1D00EBCC21 /* angry_birds_cake.jpg */,
				E0CB25E31C857A1D00EBCC21 /* creme_brelee.jpg */,
				E0CB25E41C857A1D00EBCC21 /* egg_benedict.jpg */,
				E0CB25E51C857A1D00EBCC21 /* full_breakfast.jpg */,
				E0CB25E61C857A1D00EBCC21 /* green_tea.jpg */,
				E0CB25E71C857A1D00EBCC21 /* ham_and_cheese_panini.jpg */,
				E0CB25E81C857A1D00EBCC21 /* ham_and_egg_sandwich.jpg */,
				E0CB25E91C857A1D00EBCC21 /* hamburger.jpg */,
				E0CB25EA1C857A1D00EBCC21 /* instant_noodle_with_egg.jpg */,
				E0CB25EB1C857A1D00EBCC21 /* japanese_noodle_with_pork.jpg */,
				E0CB25EC1C857A1D00EBCC21 /* mushroom_risotto.jpg */,
				E0CB25ED1C857A1D00EBCC21 /* noodle_with_bbq_pork.jpg */,
				E0CB25EE1C857A1D00EBCC21 /* starbucks_coffee.jpg */,
				E0CB25EF1C857A1D00EBCC21 /* thai_shrimp_cake.jpg */,
				E0CB25F01C857A1D00EBCC21 /* vegetable_curry.jpg */,
				E0CB25F11C857A1D00EBCC21 /* white_chocolate_donut.jpg */,
				E0CB25C51C846A5E00EBCC21 /* AppDelegate.h */,
				E0CB25C61C846A5E00EBCC21 /* AppDelegate.m */,
				E0CB25C81C846A5E00EBCC21 /* ViewController.h */,
				E0CB25C91C846A5E00EBCC21 /* ViewController.m */,
				E0CB25DD1C847EF900EBCC21 /* MenuTableViewCell.h */,
				E0CB25DE1C847EF900EBCC21 /* MenuTableViewCell.m */,
				E0CB25E01C8565A200EBCC21 /* MenuTableViewCell.xib */,
				E0CB25CB1C846A5E00EBCC21 /* Main.storyboard */,
				E0CB25CE1C846A5E00EBCC21 /* Assets.xcassets */,
				E0CB25D01C846A5E00EBCC21 /* LaunchScreen.storyboard */,
				E0CB25D31C846A5E00EBCC21 /* Info.plist */,
				E0CB25C21C846A5E00EBCC21 /* Supporting Files */,
			);
			path = Test;
			sourceTree = "<group>";
		};
		E0CB25C21C846A5E00EBCC21 /* Supporting Files */ = {
			isa = PBXGroup;
			children = (
				E0CB25C31C846A5E00EBCC21 /* main.m */,
			);
			name = "Supporting Files";
			sourceTree = "<group>";
		};
/* End PBXGroup section */

/* Begin PBXNativeTarget section */
		E0CB25BE1C846A5E00EBCC21 /* Test */ = {
			isa = PBXNativeTarget;
			buildConfigurationList = E0CB25D61C846A5E00EBCC21 /* Build configuration list for PBXNativeTarget "Test" */;
			buildPhases = (
				E0CB25BB1C846A5E00EBCC21 /* Sources */,
				E0CB25BC1C846A5E00EBCC21 /* Frameworks */,
				E0CB25BD1C846A5E00EBCC21 /* Resources */,
			);
			buildRules = (
			);
			dependencies = (
			);
			name = Test;
			productName = Test;
			productReference = E0CB25BF1C846A5E00EBCC21 /* Test.app */;
			productType = "com.apple.product-type.application";
		};
/* End PBXNativeTarget section */

/* Begin PBXProject section */
		E0CB25B71C846A5E00EBCC21 /* Project object */ = {
			isa = PBXProject;
			attributes = {
				LastUpgradeCheck = 0720;
				ORGANIZATIONNAME = "Ajit Narayanan";
				TargetAttributes = {
					E0CB25BE1C846A5E00EBCC21 = {
						CreatedOnToolsVersion = 7.2;
					};
				};
			};
			buildConfigurationList = E0CB25BA1C846A5E00EBCC21 /* Build configuration list for PBXProject "Test" */;
			compatibilityVersion = "Xcode 3.2";
			developmentRegion = English;
			hasScannedForEncodings = 0;
			knownRegions = (
				en,
				Base,
			);
			mainGroup = E0CB25B61C846A5E00EBCC21;
			productRefGroup = E0CB25C01C846A5E00EBCC21 /* Products */;
			projectDirPath = "";
			projectRoot = "";
			targets = (
				E0CB25BE1C846A5E00EBCC21 /* Test */,
			);
		};
/* End PBXProject section */

/* Begin PBXResourcesBuildPhase section */
		E0CB25BD1C846A5E00EBCC21 /* Resources */ = {
			isa = PBXResourcesBuildPhase;
			buildActionMask = 2147483647;
			files = (
				E0CB25FC1C857A1D00EBCC21 /* mushroom_risotto.jpg in Resources */,
				E0CB25FB1C857A1D00EBCC21 /* japanese_noodle_with_pork.jpg in Resources */,
				E0CB25D21C846A5E00EBCC21 /* LaunchScreen.storyboard in Resources */,
				E0CB25F81C857A1D00EBCC21 /* ham_and_egg_sandwich.jpg in Resources */,
				E0CB25DA1C847CA700EBCC21 /* pasta.jpg in Resources */,
				E0CB25F51C857A1D00EBCC21 /* full_breakfast.jpg in Resources */,
				E0CB25FA1C857A1D00EBCC21 /* instant_noodle_with_egg.jpg in Resources */,
				E0CB25F91C857A1D00EBCC21 /* hamburger.jpg in Resources */,
				E0CB25F21C857A1D00EBCC21 /* angry_birds_cake.jpg in Resources */,
				E0CB26001C857A1D00EBCC21 /* vegetable_curry.jpg in Resources */,
				E0CB25FF1C857A1D00EBCC21 /* thai_shrimp_cake.jpg in Resources */,
				E0CB26011C857A1D00EBCC21 /* white_chocolate_donut.jpg in Resources */,
				E0CB25F61C857A1D00EBCC21 /* green_tea.jpg in Resources */,
				E0CB25FD1C857A1D00EBCC21 /* noodle_with_bbq_pork.jpg in Resources */,
				E0CB25F31C857A1D00EBCC21 /* creme_brelee.jpg in Resources */,
				E0CB25FE1C857A1D00EBCC21 /* starbucks_coffee.jpg in Resources */,
				E0CB25CF1C846A5E00EBCC21 /* Assets.xcassets in Resources */,
				E0CB25E11C8565A200EBCC21 /* MenuTableViewCell.xib in Resources */,
				E0CB25CD1C846A5E00EBCC21 /* Main.storyboard in Resources */,
				E0CB25F41C857A1D00EBCC21 /* egg_benedict.jpg in Resources */,
				E0CB25F71C857A1D00EBCC21 /* ham_and_cheese_panini.jpg in Resources */,
			);
			runOnlyForDeploymentPostprocessing = 0;
		};
/* End PBXResourcesBuildPhase section */

/* Begin PBXSourcesBuildPhase section */
		E0CB25BB1C846A5E00EBCC21 /* Sources */ = {
			isa = PBXSourcesBuildPhase;
			buildActionMask = 2147483647;
			files = (
				E0CB25CA1C846A5E00EBCC21 /* ViewController.m in Sources */,
				E0CB25C71C846A5E00EBCC21 /* AppDelegate.m in Sources */,
				E0CB25C41C846A5E00EBCC21 /* main.m in Sources */,
				E0CB25DF1C847EF900EBCC21 /* MenuTableViewCell.m in Sources */,
			);
			runOnlyForDeploymentPostprocessing = 0;
		};
/* End PBXSourcesBuildPhase section */

/* Begin PBXVariantGroup section */
		E0CB25CB1C846A5E00EBCC21 /* Main.storyboard */ = {
			isa = PBXVariantGroup;
			children = (
				E0CB25CC1C846A5E00EBCC21 /* Base */,
			);
			name = Main.storyboard;
			sourceTree = "<group>";
		};
		E0CB25D01C846A5E00EBCC21 /* LaunchScreen.storyboard */ = {
			isa = PBXVariantGroup;
			children = (
				E0CB25D11C846A5E00EBCC21 /* Base */,
			);
			name = LaunchScreen.storyboard;
			sourceTree = "<group>";
		};
/* End PBXVariantGroup section */

/* Begin XCBuildConfiguration section */
		E0CB25D41C846A5E00EBCC21 /* Debug */ = {
			isa = XCBuildConfiguration;
			buildSettings = {
				ALWAYS_SEARCH_USER_PATHS = NO;
				CLANG_CXX_LANGUAGE_STANDARD = "gnu++0x";
				CLANG_CXX_LIBRARY = "libc++";
				CLANG_ENABLE_MODULES = YES;
				CLANG_ENABLE_OBJC_ARC = YES;
				CLANG_WARN_BOOL_CONVERSION = YES;
				CLANG_WARN_CONSTANT_CONVERSION = YES;
				CLANG_WARN_DIRECT_OBJC_ISA_USAGE = YES_ERROR;
				CLANG_WARN_EMPTY_BODY = YES;
				CLANG_WARN_ENUM_CONVERSION = YES;
				CLANG_WARN_INT_CONVERSION = YES;
				CLANG_WARN_OBJC_ROOT_CLASS = YES_ERROR;
				CLANG_WARN_UNREACHABLE_CODE = YES;
				CLANG_WARN__DUPLICATE_METHOD_MATCH = YES;
				"CODE_SIGN_IDENTITY[sdk=iphoneos*]" = "iPhone Developer";
				COPY_PHASE_STRIP = NO;
				DEBUG_INFORMATION_FORMAT = dwarf;
				ENABLE_STRICT_OBJC_MSGSEND = YES;
				ENABLE_TESTABILITY = YES;
				GCC_C_LANGUAGE_STANDARD = gnu99;
				GCC_DYNAMIC_NO_PIC = NO;
				GCC_NO_COMMON_BLOCKS = YES;
				GCC_OPTIMIZATION_LEVEL = 0;
				GCC_PREPROCESSOR_DEFINITIONS = (
					"DEBUG=1",
					"$(inherited)",
				);
				GCC_WARN_64_TO_32_BIT_CONVERSION = YES;
				GCC_WARN_ABOUT_RETURN_TYPE = YES_ERROR;
				GCC_WARN_UNDECLARED_SELECTOR = YES;
				GCC_WARN_UNINITIALIZED_AUTOS = YES_AGGRESSIVE;
				GCC_WARN_UNUSED_FUNCTION = YES;
				GCC_WARN_UNUSED_VARIABLE = YES;
				IPHONEOS_DEPLOYMENT_TARGET = 9.2;
				MTL_ENABLE_DEBUG_INFO = YES;
				ONLY_ACTIVE_ARCH = YES;
				SDKROOT = iphoneos;
				TARGETED_DEVICE_FAMILY = "1,2";
			};
			name = Debug;
		};
		E0CB25D51C846A5E00EBCC21 /* Release */ = {
			isa = XCBuildConfiguration;
			buildSettings = {
				ALWAYS_SEARCH_USER_PATHS = NO;
				CLANG_CXX_LANGUAGE_STANDARD = "gnu++0x";
				CLANG_CXX_LIBRARY = "libc++";
				CLANG_ENABLE_MODULES = YES;
				CLANG_ENABLE_OBJC_ARC = YES;
				CLANG_WARN_BOOL_CONVERSION = YES;
				CLANG_WARN_CONSTANT_CONVERSION = YES;
				CLANG_WARN_DIRECT_OBJC_ISA_USAGE = YES_ERROR;
				CLANG_WARN_EMPTY_BODY = YES;
				CLANG_WARN_ENUM_CONVERSION = YES;
				CLANG_WARN_INT_CONVERSION = YES;
				CLANG_WARN_OBJC_ROOT_CLASS = YES_ERROR;
				CLANG_WARN_UNREACHABLE_CODE = YES;
				CLANG_WARN__DUPLICATE_METHOD_MATCH = YES;
				"CODE_SIGN_IDENTITY[sdk=iphoneos*]" = "iPhone Developer";
				COPY_PHASE_STRIP = NO;
				DEBUG_INFORMATION_FORMAT = "dwarf-with-dsym";
				ENABLE_NS_ASSERTIONS = NO;
				ENABLE_STRICT_OBJC_MSGSEND = YES;
				GCC_C_LANGUAGE_STANDARD = gnu99;
				GCC_NO_COMMON_BLOCKS = YES;
				GCC_WARN_64_TO_32_BIT_CONVERSION = YES;
				GCC_WARN_ABOUT_RETURN_TYPE = YES_ERROR;
				GCC_WARN_UNDECLARED_SELECTOR = YES;
				GCC_WARN_UNINITIALIZED_AUTOS = YES_AGGRESSIVE;
				GCC_WARN_UNUSED_FUNCTION = YES;
				GCC_WARN_UNUSED_VARIABLE = YES;
				IPHONEOS_DEPLOYMENT_TARGET = 9.2;
				MTL_ENABLE_DEBUG_INFO = NO;
				SDKROOT = iphoneos;
				TARGETED_DEVICE_FAMILY = "1,2";
				VALIDATE_PRODUCT = YES;
			};
			name = Release;
		};
		E0CB25D71C846A5E00EBCC21 /* Debug */ = {
			isa = XCBuildConfiguration;
			buildSettings = {
				ASSETCATALOG_COMPILER_APPICON_NAME = AppIcon;
				INFOPLIST_FILE = Test/Info.plist;
				LD_RUNPATH_SEARCH_PATHS = "$(inherited) @executable_path/Frameworks";
				PRODUCT_BUNDLE_IDENTIFIER = "Avaz-inc..Test";
				PRODUCT_NAME = "$(TARGET_NAME)";
			};
			name = Debug;
		};
		E0CB25D81C846A5E00EBCC21 /* Release */ = {
			isa = XCBuildConfiguration;
			buildSettings = {
				ASSETCATALOG_COMPILER_APPICON_NAME = AppIcon;
				INFOPLIST_FILE = Test/Info.plist;
				LD_RUNPATH_SEARCH_PATHS = "$(inherited) @executable_path/Frameworks";
				PRODUCT_BUNDLE_IDENTIFIER = "Avaz-inc..Test";
				PRODUCT_NAME = "$(TARGET_NAME)";
			};
			name = Release;
		};
/* End XCBuildConfiguration section */

/* Begin XCConfigurationList section */
		E0CB25BA1C846A5E00EBCC21 /* Build configuration list for PBXProject "Test" */ = {
			isa = XCConfigurationList;
			buildConfigurations = (
				E0CB25D41C846A5E00EBCC21 /* Debug */,
				E0CB25D51C846A5E00EBCC21 /* Release */,
			);
			defaultConfigurationIsVisible = 0;
			defaultConfigurationName = Release;
		};
		E0CB25D61C846A5E00EBCC21 /* Build configuration list for PBXNativeTarget "Test" */ = {
			isa = XCConfigurationList;
			buildConfigurations = (
				E0CB25D71C846A5E00EBCC21 /* Debug */,
				E0CB25D81C846A5E00EBCC21 /* Release */,
			);
			defaultConfigurationIsVisible = 0;
		};
/* End XCConfigurationList section */
	};
	rootObject = E0CB25B71C846A5E00EBCC21 /* Project object */;
}
